
Microsoft Visual Studio Solution File, Format Version 12.00
# Visual Studio Version 16
VisualStudioVersion = 16.0.29920.165
MinimumVisualStudioVersion = 10.0.40219.1
Project("{FAE04EC0-301F-11D3-BF4B-00C04F79EFBC}") = "UpsApiShippingLabel", "UpsApiShippingLabel\UpsApiShippingLabel.csproj", "{1FAD61C3-1BE7-4BD2-B32A-B0338177A3B4}"
EndProject
Global
	GlobalSection(SolutionConfigurationPlatforms) = preSolution
		Debug|Any CPU = Debug|Any CPU
		Release|Any CPU = Release|Any CPU
	EndGlobalSection
	GlobalSection(ProjectConfigurationPlatforms) = postSolution
		{1FAD61C3-1BE7-4BD2-B32A-B0338177A3B4}.Debug|Any CPU.ActiveCfg = Debug|Any CPU
		{1FAD61C3-1BE7-4BD2-B32A-B0338177A3B4}.Debug|Any CPU.Build.0 = Debug|Any CPU
		{1FAD61C3-1BE7-4BD2-B32A-B0338177A3B4}.Release|Any CPU.ActiveCfg = Release|Any CPU
		{1FAD61C3-1BE7-4BD2-B32A-B0338177A3B4}.Release|Any CPU.Build.0 = Release|Any CPU
	EndGlobalSection
	GlobalSection(SolutionProperties) = preSolution
		HideSolutionNode = FALSE
	EndGlobalSection
	GlobalSection(ExtensibilityGlobals) = postSolution
		SolutionGuid = {377A77AB-1A32-42BF-A87C-C8C85CBC8782}
	EndGlobalSection
EndGlobal
